
Microsoft Visual Studio Solution File, Format Version 12.00
# Visual Studio 15
VisualStudioVersion = 15.0.28307.779
MinimumVisualStudioVersion = 10.0.40219.1
Project("{FAE04EC0-301F-11D3-BF4B-00C04F79EFBC}") = "UI", "UI\UI.csproj", "{CE3047B2-6B01-469C-B9DE-FE6BA2FC4FA1}"
EndProject
Project("{FAE04EC0-301F-11D3-BF4B-00C04F79EFBC}") = "Model", "Model\Model.csproj", "{F9EEF393-075C-449C-8F6F-24F36D45D064}"
EndProject
Project("{FAE04EC0-301F-11D3-BF4B-00C04F79EFBC}") = "DAL", "DAL\DAL.csproj", "{7F0BBB37-7B16-46BB-A31E-D1B9E8EBF44A}"
EndProject
Project("{FAE04EC0-301F-11D3-BF4B-00C04F79EFBC}") = "BLL", "BLL\BLL.csproj", "{1A36107D-61D0-4C51-9E7C-1193600BF1EE}"
EndProject
Project("{FAE04EC0-301F-11D3-BF4B-00C04F79EFBC}") = "CustomDataGridView", "CustomDataGridView\CustomDataGridView.csproj", "{83D1D301-B478-4156-8D56-4EC67939D0E9}"
EndProject
Global
	GlobalSection(SolutionConfigurationPlatforms) = preSolution
		Debug|Any CPU = Debug|Any CPU
		Release|Any CPU = Release|Any CPU
	EndGlobalSection
	GlobalSection(ProjectConfigurationPlatforms) = postSolution
		{CE3047B2-6B01-469C-B9DE-FE6BA2FC4FA1}.Debug|Any CPU.ActiveCfg = Debug|Any CPU
		{CE3047B2-6B01-469C-B9DE-FE6BA2FC4FA1}.Debug|Any CPU.Build.0 = Debug|Any CPU
		{CE3047B2-6B01-469C-B9DE-FE6BA2FC4FA1}.Release|Any CPU.ActiveCfg = Release|Any CPU
		{CE3047B2-6B01-469C-B9DE-FE6BA2FC4FA1}.Release|Any CPU.Build.0 = Release|Any CPU
		{F9EEF393-075C-449C-8F6F-24F36D45D064}.Debug|Any CPU.ActiveCfg = Debug|Any CPU
		{F9EEF393-075C-449C-8F6F-24F36D45D064}.Debug|Any CPU.Build.0 = Debug|Any CPU
		{F9EEF393-075C-449C-8F6F-24F36D45D064}.Release|Any CPU.ActiveCfg = Release|Any CPU
		{F9EEF393-075C-449C-8F6F-24F36D45D064}.Release|Any CPU.Build.0 = Release|Any CPU
		{7F0BBB37-7B16-46BB-A31E-D1B9E8EBF44A}.Debug|Any CPU.ActiveCfg = Debug|Any CPU
		{7F0BBB37-7B16-46BB-A31E-D1B9E8EBF44A}.Debug|Any CPU.Build.0 = Debug|Any CPU
		{7F0BBB37-7B16-46BB-A31E-D1B9E8EBF44A}.Release|Any CPU.ActiveCfg = Release|Any CPU
		{7F0BBB37-7B16-46BB-A31E-D1B9E8EBF44A}.Release|Any CPU.Build.0 = Release|Any CPU
		{1A36107D-61D0-4C51-9E7C-1193600BF1EE}.Debug|Any CPU.ActiveCfg = Debug|Any CPU
		{1A36107D-61D0-4C51-9E7C-1193600BF1EE}.Debug|Any CPU.Build.0 = Debug|Any CPU
		{1A36107D-61D0-4C51-9E7C-1193600BF1EE}.Release|Any CPU.ActiveCfg = Release|Any CPU
		{1A36107D-61D0-4C51-9E7C-1193600BF1EE}.Release|Any CPU.Build.0 = Release|Any CPU
		{83D1D301-B478-4156-8D56-4EC67939D0E9}.Debug|Any CPU.ActiveCfg = Debug|Any CPU
		{83D1D301-B478-4156-8D56-4EC67939D0E9}.Debug|Any CPU.Build.0 = Debug|Any CPU
		{83D1D301-B478-4156-8D56-4EC67939D0E9}.Release|Any CPU.ActiveCfg = Release|Any CPU
		{83D1D301-B478-4156-8D56-4EC67939D0E9}.Release|Any CPU.Build.0 = Release|Any CPU
	EndGlobalSection
	GlobalSection(SolutionProperties) = preSolution
		HideSolutionNode = FALSE
	EndGlobalSection
	GlobalSection(ExtensibilityGlobals) = postSolution
		SolutionGuid = {502F6624-B40F-4EE2-BC4F-504092CBF10F}
	EndGlobalSection
EndGlobal
